
Microsoft Visual Studio Solution File, Format Version 12.00
# Visual Studio Version 17
VisualStudioVersion = 17.14.36705.20 d17.14
MinimumVisualStudioVersion = 10.0.40219.1
Project("{FAE04EC0-301F-11D3-BF4B-00C04F79EFBC}") = "ApiDataBook", "ApiDataBook\ApiDataBook.csproj", "{6917E5F5-200F-4190-BA38-5A798EF48109}"
EndProject
Global
	GlobalSection(SolutionConfigurationPlatforms) = preSolution
		Debug|Any CPU = Debug|Any CPU
		Release|Any CPU = Release|Any CPU
	EndGlobalSection
	GlobalSection(ProjectConfigurationPlatforms) = postSolution
		{6917E5F5-200F-4190-BA38-5A798EF48109}.Debug|Any CPU.ActiveCfg = Debug|Any CPU
		{6917E5F5-200F-4190-BA38-5A798EF48109}.Debug|Any CPU.Build.0 = Debug|Any CPU
		{6917E5F5-200F-4190-BA38-5A798EF48109}.Release|Any CPU.ActiveCfg = Release|Any CPU
		{6917E5F5-200F-4190-BA38-5A798EF48109}.Release|Any CPU.Build.0 = Release|Any CPU
	EndGlobalSection
	GlobalSection(SolutionProperties) = preSolution
		HideSolutionNode = FALSE
	EndGlobalSection
	GlobalSection(ExtensibilityGlobals) = postSolution
		SolutionGuid = {F91EA65B-AD9A-47EC-8756-C07CF1A1B8C2}
	EndGlobalSection
EndGlobal
